{
    "version": 3,
    "terraform_version": "0.11.7",
    "serial": 1,
    "lineage": "3f38bbec-903e-f4ed-0014-af3d0ae341ed",
    "modules": [
        {
            "path": [
                "root"
            ],
            "outputs": {},
            "resources": {
                "aws_instance.example": {
                    "type": "aws_instance",
                    "depends_on": [],
                    "primary": {
                        "id": "i-0c7152450f55eda76",
                        "attributes": {
                            "ami": "ami-2757f631",
                            "associate_public_ip_address": "true",
                            "availability_zone": "us-east-1b",
                            "credit_specification.#": "1",
                            "credit_specification.0.cpu_credits": "standard",
                            "disable_api_termination": "false",
                            "ebs_block_device.#": "0",
                            "ebs_optimized": "false",
                            "ephemeral_block_device.#": "0",
                            "get_password_data": "false",
                            "iam_instance_profile": "",
                            "id": "i-0c7152450f55eda76",
                            "instance_state": "running",
                            "instance_type": "t2.micro",
                            "ipv6_addresses.#": "0",
                            "key_name": "",
                            "monitoring": "false",
                            "network_interface.#": "0",
                            "network_interface_id": "eni-ee8fb5fb",
                            "password_data": "",
                            "placement_group": "",
                            "primary_network_interface_id": "eni-ee8fb5fb",
                            "private_dns": "ip-172-31-84-105.ec2.internal",
                            "private_ip": "172.31.84.105",
                            "public_dns": "ec2-18-208-148-133.compute-1.amazonaws.com",
                            "public_ip": "18.208.148.133",
                            "root_block_device.#": "1",
                            "root_block_device.0.delete_on_termination": "true",
                            "root_block_device.0.iops": "100",
                            "root_block_device.0.volume_id": "vol-09b4dc71f61cfe828",
                            "root_block_device.0.volume_size": "8",
                            "root_block_device.0.volume_type": "gp2",
                            "security_groups.#": "1",
                            "security_groups.3814588639": "default",
                            "source_dest_check": "true",
                            "subnet_id": "subnet-c11f69ed",
                            "tags.%": "0",
                            "tenancy": "default",
                            "volume_tags.%": "0",
                            "vpc_security_group_ids.#": "1",
                            "vpc_security_group_ids.3695884075": "sg-04df2274"
                        },
                        "meta": {
                            "e2bfb730-ecaa-11e6-8f88-34363bc7c4c0": {
                                "create": 600000000000,
                                "delete": 1200000000000,
                                "update": 600000000000
                            },
                            "schema_version": "1"
                        },
                        "tainted": false
                    },
                    "deposed": [],
                    "provider": "provider.aws"
                }
            },
            "depends_on": []
        }
    ]
}
